
Microsoft Visual Studio Solution File, Format Version 12.00
# Visual Studio Version 16
VisualStudioVersion = 16.0.31402.337
MinimumVisualStudioVersion = 10.0.40219.1
Project("{FAE04EC0-301F-11D3-BF4B-00C04F79EFBC}") = "GGStriveUtilsBot", "GGStriveUtilsBot\GGStriveUtilsBot.csproj", "{19FA20E3-0481-4EEB-BE8B-A7C326911C62}"
EndProject
Global
	GlobalSection(SolutionConfigurationPlatforms) = preSolution
		Debug|Any CPU = Debug|Any CPU
		Release|Any CPU = Release|Any CPU
	EndGlobalSection
	GlobalSection(ProjectConfigurationPlatforms) = postSolution
		{19FA20E3-0481-4EEB-BE8B-A7C326911C62}.Debug|Any CPU.ActiveCfg = Debug|Any CPU
		{19FA20E3-0481-4EEB-BE8B-A7C326911C62}.Debug|Any CPU.Build.0 = Debug|Any CPU
		{19FA20E3-0481-4EEB-BE8B-A7C326911C62}.Release|Any CPU.ActiveCfg = Release|Any CPU
		{19FA20E3-0481-4EEB-BE8B-A7C326911C62}.Release|Any CPU.Build.0 = Release|Any CPU
	EndGlobalSection
	GlobalSection(SolutionProperties) = preSolution
		HideSolutionNode = FALSE
	EndGlobalSection
	GlobalSection(ExtensibilityGlobals) = postSolution
		SolutionGuid = {42489F6C-EEF4-4D20-8C0E-601172AC24DC}
	EndGlobalSection
EndGlobal
